
Microsoft Visual Studio Solution File, Format Version 12.00
# Visual Studio Version 16
VisualStudioVersion = 16.0.29306.81
MinimumVisualStudioVersion = 10.0.40219.1
Project("{9A19103F-16F7-4668-BE54-9A1E7A4F7556}") = "ValueTypes", "ValueTypes\ValueTypes.csproj", "{60898B87-F431-4E9E-97F0-AE84C17E884B}"
EndProject
Project("{FAE04EC0-301F-11D3-BF4B-00C04F79EFBC}") = "ValueTypesTests", "ValueTypesTests\ValueTypesTests.csproj", "{226E2763-C38D-4CD4-8701-7120B0DB2C8C}"
EndProject
Global
	GlobalSection(SolutionConfigurationPlatforms) = preSolution
		Debug|Any CPU = Debug|Any CPU
		Release|Any CPU = Release|Any CPU
	EndGlobalSection
	GlobalSection(ProjectConfigurationPlatforms) = postSolution
		{60898B87-F431-4E9E-97F0-AE84C17E884B}.Debug|Any CPU.ActiveCfg = Debug|Any CPU
		{60898B87-F431-4E9E-97F0-AE84C17E884B}.Debug|Any CPU.Build.0 = Debug|Any CPU
		{60898B87-F431-4E9E-97F0-AE84C17E884B}.Release|Any CPU.ActiveCfg = Release|Any CPU
		{60898B87-F431-4E9E-97F0-AE84C17E884B}.Release|Any CPU.Build.0 = Release|Any CPU
		{226E2763-C38D-4CD4-8701-7120B0DB2C8C}.Debug|Any CPU.ActiveCfg = Debug|Any CPU
		{226E2763-C38D-4CD4-8701-7120B0DB2C8C}.Debug|Any CPU.Build.0 = Debug|Any CPU
		{226E2763-C38D-4CD4-8701-7120B0DB2C8C}.Release|Any CPU.ActiveCfg = Release|Any CPU
		{226E2763-C38D-4CD4-8701-7120B0DB2C8C}.Release|Any CPU.Build.0 = Release|Any CPU
	EndGlobalSection
	GlobalSection(SolutionProperties) = preSolution
		HideSolutionNode = FALSE
	EndGlobalSection
	GlobalSection(ExtensibilityGlobals) = postSolution
		SolutionGuid = {572F8AAB-F176-4760-B536-644CC1BF9AED}
	EndGlobalSection
EndGlobal
